
Microsoft Visual Studio Solution File, Format Version 12.00
# Visual Studio Version 16
VisualStudioVersion = 16.0.33927.289
MinimumVisualStudioVersion = 10.0.40219.1
Project("{2150E333-8FDC-42A3-9474-1A3956D46DE8}") = "Task0", "Task0", "{6A0587E6-40A6-44A0-9C58-5ADAFB1AC0C1}"
EndProject
Project("{FAE04EC0-301F-11D3-BF4B-00C04F79EFBC}") = "Tyuiu.GoogeRA.Sprint3.Task0.V10", "Tyuiu.GoogeRA.Sprint3.Task0.V10\Tyuiu.GoogeRA.Sprint3.Task0.V10.csproj", "{12621E2D-03E8-44D2-80FE-F9A8A1B2CAE9}"
EndProject
Project("{FAE04EC0-301F-11D3-BF4B-00C04F79EFBC}") = "Tyuiu.GoogeRA.Sprint3.Task0.V10.Lib", "Tyuiu.GoogeRA.Sprint3.Task0.V10.Lib\Tyuiu.GoogeRA.Sprint3.Task0.V10.Lib.csproj", "{7855C364-0D20-42F6-9D56-D5036C34BC98}"
EndProject
Project("{FAE04EC0-301F-11D3-BF4B-00C04F79EFBC}") = "Tyuiu.GoogeRA.Sprint3.Task0.V10.Test", "Tyuiu.GoogeRA.Sprint3.Task0.V10.Test\Tyuiu.GoogeRA.Sprint3.Task0.V10.Test.csproj", "{43635D2B-8E5C-464A-8440-81279D7C6850}"
EndProject
Project("{2150E333-8FDC-42A3-9474-1A3956D46DE8}") = "Task1", "Task1", "{CA2229F7-3ACC-4D43-BA7D-E239B6EF1FC9}"
EndProject
Project("{FAE04EC0-301F-11D3-BF4B-00C04F79EFBC}") = "Tyuiu.GoogeRA.Sprint3.Task1.V30.Test", "Tyuiu.GoogeRA.Sprint3.Task1.V30.Test\Tyuiu.GoogeRA.Sprint3.Task1.V30.Test.csproj", "{F21EB38B-64DA-469A-8165-FF6E3B054A34}"
EndProject
Project("{FAE04EC0-301F-11D3-BF4B-00C04F79EFBC}") = "Tyuiu.GoogeRA.Sprint3.Task1.V30.Lib", "Tyuiu.GoogeRA.Sprint3.Task1.V30.Lib\Tyuiu.GoogeRA.Sprint3.Task1.V30.Lib.csproj", "{A132FEDF-7472-4896-B6D0-F05E7F980ACE}"
EndProject
Project("{FAE04EC0-301F-11D3-BF4B-00C04F79EFBC}") = "Tyuiu.GoogeRA.Sprint3.Task1.V30", "Tyuiu.GoogeRA.Sprint3.Task1.V30\Tyuiu.GoogeRA.Sprint3.Task1.V30.csproj", "{21BBB5C6-B8B1-497F-9819-BB5F6C29D336}"
EndProject
Project("{2150E333-8FDC-42A3-9474-1A3956D46DE8}") = "Task2", "Task2", "{5DFA184E-F993-4A54-9EE9-A6CA03F6BBD5}"
EndProject
Project("{FAE04EC0-301F-11D3-BF4B-00C04F79EFBC}") = "Tyuiu.GoogeRA.Sprint3.Task2.V25", "Tyuiu.GoogeRA.Sprint3.Task2.V25\Tyuiu.GoogeRA.Sprint3.Task2.V25.csproj", "{0526602E-0CEB-4F79-BC7A-140CDC6078F4}"
EndProject
Project("{FAE04EC0-301F-11D3-BF4B-00C04F79EFBC}") = "Tyuiu.GoogeRA.Sprint3.Task2.V25.Lib", "Tyuiu.GoogeRA.Sprint3.Task2.V25.Lib\Tyuiu.GoogeRA.Sprint3.Task2.V25.Lib.csproj", "{12531F50-33B9-47C3-9B42-B87705E0C1E5}"
EndProject
Project("{FAE04EC0-301F-11D3-BF4B-00C04F79EFBC}") = "Tyuiu.GoogeRA.Sprint3.Task2.V25.Test", "Tyuiu.GoogeRA.Sprint3.Task2.V25.Test\Tyuiu.GoogeRA.Sprint3.Task2.V25.Test.csproj", "{30359F49-80A1-4846-9713-F21C3588F33E}"
EndProject
Project("{2150E333-8FDC-42A3-9474-1A3956D46DE8}") = "Task3", "Task3", "{56906CC9-6772-4482-A04D-60B9CCFAF0BC}"
EndProject
Project("{FAE04EC0-301F-11D3-BF4B-00C04F79EFBC}") = "Tyuiu.GoogeRA.Sprint3.Task3.V12", "Tyuiu.GoogeRA.Sprint3.Task3.V12\Tyuiu.GoogeRA.Sprint3.Task3.V12.csproj", "{CA4A9AC7-E12A-496C-92C6-2D0690303B05}"
EndProject
Project("{FAE04EC0-301F-11D3-BF4B-00C04F79EFBC}") = "Tyuiu.GoogeRA.Sprint3.Task3.V12.Test", "Tyuiu.GoogeRA.Sprint3.Task3.V12.Test\Tyuiu.GoogeRA.Sprint3.Task3.V12.Test.csproj", "{D9581B3A-C46F-4C57-9642-50F03AC3AF8D}"
EndProject
Project("{FAE04EC0-301F-11D3-BF4B-00C04F79EFBC}") = "Tyuiu.GoogeRA.Sprint3.Task3.V12.Lib", "Tyuiu.GoogeRA.Sprint3.Task3.V12.Lib\Tyuiu.GoogeRA.Sprint3.Task3.V12.Lib.csproj", "{829F0FDA-246C-4B7E-A3CF-692A4CBB54D9}"
EndProject
Project("{2150E333-8FDC-42A3-9474-1A3956D46DE8}") = "Task4", "Task4", "{52C979E8-D4A2-4510-9ECF-37816AF90602}"
EndProject
Project("{FAE04EC0-301F-11D3-BF4B-00C04F79EFBC}") = "Tyuiu.GoogeRA.Sprint3.Task4.V13.Lib", "Tyuiu.GoogeRA.Sprint3.Task4.V13.Lib\Tyuiu.GoogeRA.Sprint3.Task4.V13.Lib.csproj", "{1F861B4B-4C5E-4A67-BA33-362C495A1570}"
EndProject
Project("{FAE04EC0-301F-11D3-BF4B-00C04F79EFBC}") = "Tyuiu.GoogeRA.Sprint3.Task4.V13.Test", "Tyuiu.GoogeRA.Sprint3.Task4.V13.Test\Tyuiu.GoogeRA.Sprint3.Task4.V13.Test.csproj", "{D682CD37-E8C9-4617-BD40-16B1979DB557}"
EndProject
Project("{FAE04EC0-301F-11D3-BF4B-00C04F79EFBC}") = "Tyuiu.GoogeRA.Sprint3.Task4.V13", "Tyuiu.GoogeRA.Sprint3.Task4.V13\Tyuiu.GoogeRA.Sprint3.Task4.V13.csproj", "{53CC2D0E-D738-4322-95DB-483C1FB35C31}"
EndProject
Project("{2150E333-8FDC-42A3-9474-1A3956D46DE8}") = "Task5", "Task5", "{8E3BF13D-6C15-431E-ABAF-A2B618EB0C34}"
EndProject
Project("{FAE04EC0-301F-11D3-BF4B-00C04F79EFBC}") = "Tyuiu.GoogeRA.Sprint3.Task5.V25", "Tyuiu.GoogeRA.Sprint3.Task5.V25\Tyuiu.GoogeRA.Sprint3.Task5.V25.csproj", "{8CB25DDB-C97D-43CF-B350-3D5E9BFA9251}"
EndProject
Project("{FAE04EC0-301F-11D3-BF4B-00C04F79EFBC}") = "Tyuiu.GoogeRA.Sprint3.Task5.V25.Lib", "Tyuiu.GoogeRA.Sprint3.Task5.V25.Lib\Tyuiu.GoogeRA.Sprint3.Task5.V25.Lib.csproj", "{FC6E508C-C9AB-489B-840D-DE19C2709193}"
EndProject
Project("{FAE04EC0-301F-11D3-BF4B-00C04F79EFBC}") = "Tyuiu.GoogeRA.Sprint3.Task5.V25.Test", "Tyuiu.GoogeRA.Sprint3.Task5.V25.Test\Tyuiu.GoogeRA.Sprint3.Task5.V25.Test.csproj", "{84481F53-60A1-4D34-92C4-BB1428054736}"
EndProject
Project("{2150E333-8FDC-42A3-9474-1A3956D46DE8}") = "Task6", "Task6", "{4CBDA7A0-560F-4FB7-BFC6-7BE03724BBC4}"
EndProject
Project("{FAE04EC0-301F-11D3-BF4B-00C04F79EFBC}") = "Tyuiu.GoogeRA.Sprint3.Task6.V3", "Tyuiu.GoogeRA.Sprint3.Task6.V3\Tyuiu.GoogeRA.Sprint3.Task6.V3.csproj", "{F28AD8E5-35BC-49B5-B3C1-03231676E571}"
EndProject
Project("{FAE04EC0-301F-11D3-BF4B-00C04F79EFBC}") = "Tyuiu.GoogeRA.Sprint3.Task6.V3.Test", "Tyuiu.GoogeRA.Sprint3.Task6.V3.Test\Tyuiu.GoogeRA.Sprint3.Task6.V3.Test.csproj", "{80DABB8A-4D9B-4443-93CA-9193898487BD}"
EndProject
Project("{FAE04EC0-301F-11D3-BF4B-00C04F79EFBC}") = "Tyuiu.GoogeRA.Sprint3.Task6.V3.Lib", "Tyuiu.GoogeRA.Sprint3.Task6.V3.Lib\Tyuiu.GoogeRA.Sprint3.Task6.V3.Lib.csproj", "{687F4ABC-352C-4A09-A87C-F496D6402D49}"
EndProject
Project("{2150E333-8FDC-42A3-9474-1A3956D46DE8}") = "Task7", "Task7", "{3B19C5E2-9E17-4B04-8DD3-8F7D3C41ED69}"
EndProject
Project("{FAE04EC0-301F-11D3-BF4B-00C04F79EFBC}") = "Tyuiu.GoogeRA.Sprint3.Task7.V20", "Tyuiu.GoogeRA.Sprint3.Task7.V20\Tyuiu.GoogeRA.Sprint3.Task7.V20.csproj", "{565E2EDF-4ECA-473B-8594-44BD05731ECC}"
EndProject
Project("{FAE04EC0-301F-11D3-BF4B-00C04F79EFBC}") = "Tyuiu.GoogeRA.Sprint3.Task7.V20.Lib", "Tyuiu.GoogeRA.Sprint3.Task7.V20.Lib\Tyuiu.GoogeRA.Sprint3.Task7.V20.Lib.csproj", "{C5E8E258-1E00-4225-88CE-ADDABD7D69B8}"
EndProject
Project("{FAE04EC0-301F-11D3-BF4B-00C04F79EFBC}") = "Tyuiu.GoogeRA.Sprint3.Task7.V20.Test", "Tyuiu.GoogeRA.Sprint3.Task7.V20.Test\Tyuiu.GoogeRA.Sprint3.Task7.V20.Test.csproj", "{5E12701A-47F0-4346-8598-6CE81A6D7A8C}"
EndProject
Global
	GlobalSection(SolutionConfigurationPlatforms) = preSolution
		Debug|Any CPU = Debug|Any CPU
		Release|Any CPU = Release|Any CPU
	EndGlobalSection
	GlobalSection(ProjectConfigurationPlatforms) = postSolution
		{12621E2D-03E8-44D2-80FE-F9A8A1B2CAE9}.Debug|Any CPU.ActiveCfg = Debug|Any CPU
		{12621E2D-03E8-44D2-80FE-F9A8A1B2CAE9}.Debug|Any CPU.Build.0 = Debug|Any CPU
		{12621E2D-03E8-44D2-80FE-F9A8A1B2CAE9}.Release|Any CPU.ActiveCfg = Release|Any CPU
		{12621E2D-03E8-44D2-80FE-F9A8A1B2CAE9}.Release|Any CPU.Build.0 = Release|Any CPU
		{7855C364-0D20-42F6-9D56-D5036C34BC98}.Debug|Any CPU.ActiveCfg = Debug|Any CPU
		{7855C364-0D20-42F6-9D56-D5036C34BC98}.Debug|Any CPU.Build.0 = Debug|Any CPU
		{7855C364-0D20-42F6-9D56-D5036C34BC98}.Release|Any CPU.ActiveCfg = Release|Any CPU
		{7855C364-0D20-42F6-9D56-D5036C34BC98}.Release|Any CPU.Build.0 = Release|Any CPU
		{43635D2B-8E5C-464A-8440-81279D7C6850}.Debug|Any CPU.ActiveCfg = Debug|Any CPU
		{43635D2B-8E5C-464A-8440-81279D7C6850}.Debug|Any CPU.Build.0 = Debug|Any CPU
		{43635D2B-8E5C-464A-8440-81279D7C6850}.Release|Any CPU.ActiveCfg = Release|Any CPU
		{43635D2B-8E5C-464A-8440-81279D7C6850}.Release|Any CPU.Build.0 = Release|Any CPU
		{F21EB38B-64DA-469A-8165-FF6E3B054A34}.Debug|Any CPU.ActiveCfg = Debug|Any CPU
		{F21EB38B-64DA-469A-8165-FF6E3B054A34}.Debug|Any CPU.Build.0 = Debug|Any CPU
		{F21EB38B-64DA-469A-8165-FF6E3B054A34}.Release|Any CPU.ActiveCfg = Release|Any CPU
		{F21EB38B-64DA-469A-8165-FF6E3B054A34}.Release|Any CPU.Build.0 = Release|Any CPU
		{A132FEDF-7472-4896-B6D0-F05E7F980ACE}.Debug|Any CPU.ActiveCfg = Debug|Any CPU
		{A132FEDF-7472-4896-B6D0-F05E7F980ACE}.Debug|Any CPU.Build.0 = Debug|Any CPU
		{A132FEDF-7472-4896-B6D0-F05E7F980ACE}.Release|Any CPU.ActiveCfg = Release|Any CPU
		{A132FEDF-7472-4896-B6D0-F05E7F980ACE}.Release|Any CPU.Build.0 = Release|Any CPU
		{21BBB5C6-B8B1-497F-9819-BB5F6C29D336}.Debug|Any CPU.ActiveCfg = Debug|Any CPU
		{21BBB5C6-B8B1-497F-9819-BB5F6C29D336}.Debug|Any CPU.Build.0 = Debug|Any CPU
		{21BBB5C6-B8B1-497F-9819-BB5F6C29D336}.Release|Any CPU.ActiveCfg = Release|Any CPU
		{21BBB5C6-B8B1-497F-9819-BB5F6C29D336}.Release|Any CPU.Build.0 = Release|Any CPU
		{0526602E-0CEB-4F79-BC7A-140CDC6078F4}.Debug|Any CPU.ActiveCfg = Debug|Any CPU
		{0526602E-0CEB-4F79-BC7A-140CDC6078F4}.Debug|Any CPU.Build.0 = Debug|Any CPU
		{0526602E-0CEB-4F79-BC7A-140CDC6078F4}.Release|Any CPU.ActiveCfg = Release|Any CPU
		{0526602E-0CEB-4F79-BC7A-140CDC6078F4}.Release|Any CPU.Build.0 = Release|Any CPU
		{12531F50-33B9-47C3-9B42-B87705E0C1E5}.Debug|Any CPU.ActiveCfg = Debug|Any CPU
		{12531F50-33B9-47C3-9B42-B87705E0C1E5}.Debug|Any CPU.Build.0 = Debug|Any CPU
		{12531F50-33B9-47C3-9B42-B87705E0C1E5}.Release|Any CPU.ActiveCfg = Release|Any CPU
		{12531F50-33B9-47C3-9B42-B87705E0C1E5}.Release|Any CPU.Build.0 = Release|Any CPU
		{30359F49-80A1-4846-9713-F21C3588F33E}.Debug|Any CPU.ActiveCfg = Debug|Any CPU
		{30359F49-80A1-4846-9713-F21C3588F33E}.Debug|Any CPU.Build.0 = Debug|Any CPU
		{30359F49-80A1-4846-9713-F21C3588F33E}.Release|Any CPU.ActiveCfg = Release|Any CPU
		{30359F49-80A1-4846-9713-F21C3588F33E}.Release|Any CPU.Build.0 = Release|Any CPU
		{CA4A9AC7-E12A-496C-92C6-2D0690303B05}.Debug|Any CPU.ActiveCfg = Debug|Any CPU
		{CA4A9AC7-E12A-496C-92C6-2D0690303B05}.Debug|Any CPU.Build.0 = Debug|Any CPU
		{CA4A9AC7-E12A-496C-92C6-2D0690303B05}.Release|Any CPU.ActiveCfg = Release|Any CPU
		{CA4A9AC7-E12A-496C-92C6-2D0690303B05}.Release|Any CPU.Build.0 = Release|Any CPU
		{D9581B3A-C46F-4C57-9642-50F03AC3AF8D}.Debug|Any CPU.ActiveCfg = Debug|Any CPU
		{D9581B3A-C46F-4C57-9642-50F03AC3AF8D}.Debug|Any CPU.Build.0 = Debug|Any CPU
		{D9581B3A-C46F-4C57-9642-50F03AC3AF8D}.Release|Any CPU.ActiveCfg = Release|Any CPU
		{D9581B3A-C46F-4C57-9642-50F03AC3AF8D}.Release|Any CPU.Build.0 = Release|Any CPU
		{829F0FDA-246C-4B7E-A3CF-692A4CBB54D9}.Debug|Any CPU.ActiveCfg = Debug|Any CPU
		{829F0FDA-246C-4B7E-A3CF-692A4CBB54D9}.Debug|Any CPU.Build.0 = Debug|Any CPU
		{829F0FDA-246C-4B7E-A3CF-692A4CBB54D9}.Release|Any CPU.ActiveCfg = Release|Any CPU
		{829F0FDA-246C-4B7E-A3CF-692A4CBB54D9}.Release|Any CPU.Build.0 = Release|Any CPU
		{1F861B4B-4C5E-4A67-BA33-362C495A1570}.Debug|Any CPU.ActiveCfg = Debug|Any CPU
		{1F861B4B-4C5E-4A67-BA33-362C495A1570}.Debug|Any CPU.Build.0 = Debug|Any CPU
		{1F861B4B-4C5E-4A67-BA33-362C495A1570}.Release|Any CPU.ActiveCfg = Release|Any CPU
		{1F861B4B-4C5E-4A67-BA33-362C495A1570}.Release|Any CPU.Build.0 = Release|Any CPU
		{D682CD37-E8C9-4617-BD40-16B1979DB557}.Debug|Any CPU.ActiveCfg = Debug|Any CPU
		{D682CD37-E8C9-4617-BD40-16B1979DB557}.Debug|Any CPU.Build.0 = Debug|Any CPU
		{D682CD37-E8C9-4617-BD40-16B1979DB557}.Release|Any CPU.ActiveCfg = Release|Any CPU
		{D682CD37-E8C9-4617-BD40-16B1979DB557}.Release|Any CPU.Build.0 = Release|Any CPU
		{53CC2D0E-D738-4322-95DB-483C1FB35C31}.Debug|Any CPU.ActiveCfg = Debug|Any CPU
		{53CC2D0E-D738-4322-95DB-483C1FB35C31}.Debug|Any CPU.Build.0 = Debug|Any CPU
		{53CC2D0E-D738-4322-95DB-483C1FB35C31}.Release|Any CPU.ActiveCfg = Release|Any CPU
		{53CC2D0E-D738-4322-95DB-483C1FB35C31}.Release|Any CPU.Build.0 = Release|Any CPU
		{8CB25DDB-C97D-43CF-B350-3D5E9BFA9251}.Debug|Any CPU.ActiveCfg = Debug|Any CPU
		{8CB25DDB-C97D-43CF-B350-3D5E9BFA9251}.Debug|Any CPU.Build.0 = Debug|Any CPU
		{8CB25DDB-C97D-43CF-B350-3D5E9BFA9251}.Release|Any CPU.ActiveCfg = Release|Any CPU
		{8CB25DDB-C97D-43CF-B350-3D5E9BFA9251}.Release|Any CPU.Build.0 = Release|Any CPU
		{FC6E508C-C9AB-489B-840D-DE19C2709193}.Debug|Any CPU.ActiveCfg = Debug|Any CPU
		{FC6E508C-C9AB-489B-840D-DE19C2709193}.Debug|Any CPU.Build.0 = Debug|Any CPU
		{FC6E508C-C9AB-489B-840D-DE19C2709193}.Release|Any CPU.ActiveCfg = Release|Any CPU
		{FC6E508C-C9AB-489B-840D-DE19C2709193}.Release|Any CPU.Build.0 = Release|Any CPU
		{84481F53-60A1-4D34-92C4-BB1428054736}.Debug|Any CPU.ActiveCfg = Debug|Any CPU
		{84481F53-60A1-4D34-92C4-BB1428054736}.Debug|Any CPU.Build.0 = Debug|Any CPU
		{84481F53-60A1-4D34-92C4-BB1428054736}.Release|Any CPU.ActiveCfg = Release|Any CPU
		{84481F53-60A1-4D34-92C4-BB1428054736}.Release|Any CPU.Build.0 = Release|Any CPU
		{F28AD8E5-35BC-49B5-B3C1-03231676E571}.Debug|Any CPU.ActiveCfg = Debug|Any CPU
		{F28AD8E5-35BC-49B5-B3C1-03231676E571}.Debug|Any CPU.Build.0 = Debug|Any CPU
		{F28AD8E5-35BC-49B5-B3C1-03231676E571}.Release|Any CPU.ActiveCfg = Release|Any CPU
		{F28AD8E5-35BC-49B5-B3C1-03231676E571}.Release|Any CPU.Build.0 = Release|Any CPU
		{80DABB8A-4D9B-4443-93CA-9193898487BD}.Debug|Any CPU.ActiveCfg = Debug|Any CPU
		{80DABB8A-4D9B-4443-93CA-9193898487BD}.Debug|Any CPU.Build.0 = Debug|Any CPU
		{80DABB8A-4D9B-4443-93CA-9193898487BD}.Release|Any CPU.ActiveCfg = Release|Any CPU
		{80DABB8A-4D9B-4443-93CA-9193898487BD}.Release|Any CPU.Build.0 = Release|Any CPU
		{687F4ABC-352C-4A09-A87C-F496D6402D49}.Debug|Any CPU.ActiveCfg = Debug|Any CPU
		{687F4ABC-352C-4A09-A87C-F496D6402D49}.Debug|Any CPU.Build.0 = Debug|Any CPU
		{687F4ABC-352C-4A09-A87C-F496D6402D49}.Release|Any CPU.ActiveCfg = Release|Any CPU
		{687F4ABC-352C-4A09-A87C-F496D6402D49}.Release|Any CPU.Build.0 = Release|Any CPU
		{565E2EDF-4ECA-473B-8594-44BD05731ECC}.Debug|Any CPU.ActiveCfg = Debug|Any CPU
		{565E2EDF-4ECA-473B-8594-44BD05731ECC}.Debug|Any CPU.Build.0 = Debug|Any CPU
		{565E2EDF-4ECA-473B-8594-44BD05731ECC}.Release|Any CPU.ActiveCfg = Release|Any CPU
		{565E2EDF-4ECA-473B-8594-44BD05731ECC}.Release|Any CPU.Build.0 = Release|Any CPU
		{C5E8E258-1E00-4225-88CE-ADDABD7D69B8}.Debug|Any CPU.ActiveCfg = Debug|Any CPU
		{C5E8E258-1E00-4225-88CE-ADDABD7D69B8}.Debug|Any CPU.Build.0 = Debug|Any CPU
		{C5E8E258-1E00-4225-88CE-ADDABD7D69B8}.Release|Any CPU.ActiveCfg = Release|Any CPU
		{C5E8E258-1E00-4225-88CE-ADDABD7D69B8}.Release|Any CPU.Build.0 = Release|Any CPU
		{5E12701A-47F0-4346-8598-6CE81A6D7A8C}.Debug|Any CPU.ActiveCfg = Debug|Any CPU
		{5E12701A-47F0-4346-8598-6CE81A6D7A8C}.Debug|Any CPU.Build.0 = Debug|Any CPU
		{5E12701A-47F0-4346-8598-6CE81A6D7A8C}.Release|Any CPU.ActiveCfg = Release|Any CPU
		{5E12701A-47F0-4346-8598-6CE81A6D7A8C}.Release|Any CPU.Build.0 = Release|Any CPU
	EndGlobalSection
	GlobalSection(SolutionProperties) = preSolution
		HideSolutionNode = FALSE
	EndGlobalSection
	GlobalSection(NestedProjects) = preSolution
		{12621E2D-03E8-44D2-80FE-F9A8A1B2CAE9} = {6A0587E6-40A6-44A0-9C58-5ADAFB1AC0C1}
		{7855C364-0D20-42F6-9D56-D5036C34BC98} = {6A0587E6-40A6-44A0-9C58-5ADAFB1AC0C1}
		{43635D2B-8E5C-464A-8440-81279D7C6850} = {6A0587E6-40A6-44A0-9C58-5ADAFB1AC0C1}
		{F21EB38B-64DA-469A-8165-FF6E3B054A34} = {CA2229F7-3ACC-4D43-BA7D-E239B6EF1FC9}
		{A132FEDF-7472-4896-B6D0-F05E7F980ACE} = {CA2229F7-3ACC-4D43-BA7D-E239B6EF1FC9}
		{21BBB5C6-B8B1-497F-9819-BB5F6C29D336} = {CA2229F7-3ACC-4D43-BA7D-E239B6EF1FC9}
		{0526602E-0CEB-4F79-BC7A-140CDC6078F4} = {5DFA184E-F993-4A54-9EE9-A6CA03F6BBD5}
		{12531F50-33B9-47C3-9B42-B87705E0C1E5} = {5DFA184E-F993-4A54-9EE9-A6CA03F6BBD5}
		{30359F49-80A1-4846-9713-F21C3588F33E} = {5DFA184E-F993-4A54-9EE9-A6CA03F6BBD5}
		{CA4A9AC7-E12A-496C-92C6-2D0690303B05} = {56906CC9-6772-4482-A04D-60B9CCFAF0BC}
		{D9581B3A-C46F-4C57-9642-50F03AC3AF8D} = {56906CC9-6772-4482-A04D-60B9CCFAF0BC}
		{829F0FDA-246C-4B7E-A3CF-692A4CBB54D9} = {56906CC9-6772-4482-A04D-60B9CCFAF0BC}
		{1F861B4B-4C5E-4A67-BA33-362C495A1570} = {52C979E8-D4A2-4510-9ECF-37816AF90602}
		{D682CD37-E8C9-4617-BD40-16B1979DB557} = {52C979E8-D4A2-4510-9ECF-37816AF90602}
		{53CC2D0E-D738-4322-95DB-483C1FB35C31} = {52C979E8-D4A2-4510-9ECF-37816AF90602}
		{8CB25DDB-C97D-43CF-B350-3D5E9BFA9251} = {8E3BF13D-6C15-431E-ABAF-A2B618EB0C34}
		{FC6E508C-C9AB-489B-840D-DE19C2709193} = {8E3BF13D-6C15-431E-ABAF-A2B618EB0C34}
		{84481F53-60A1-4D34-92C4-BB1428054736} = {8E3BF13D-6C15-431E-ABAF-A2B618EB0C34}
		{F28AD8E5-35BC-49B5-B3C1-03231676E571} = {4CBDA7A0-560F-4FB7-BFC6-7BE03724BBC4}
		{80DABB8A-4D9B-4443-93CA-9193898487BD} = {4CBDA7A0-560F-4FB7-BFC6-7BE03724BBC4}
		{687F4ABC-352C-4A09-A87C-F496D6402D49} = {4CBDA7A0-560F-4FB7-BFC6-7BE03724BBC4}
		{565E2EDF-4ECA-473B-8594-44BD05731ECC} = {3B19C5E2-9E17-4B04-8DD3-8F7D3C41ED69}
		{C5E8E258-1E00-4225-88CE-ADDABD7D69B8} = {3B19C5E2-9E17-4B04-8DD3-8F7D3C41ED69}
		{5E12701A-47F0-4346-8598-6CE81A6D7A8C} = {3B19C5E2-9E17-4B04-8DD3-8F7D3C41ED69}
	EndGlobalSection
	GlobalSection(ExtensibilityGlobals) = postSolution
		SolutionGuid = {09FE77DB-6A7E-49A4-9926-B735864258D0}
	EndGlobalSection
EndGlobal
